{
    "version": 3,
    "terraform_version": "0.11.13",
    "serial": 3,
    "lineage": "ebe78cc0-d07d-2b02-cdf1-49348c0d0dca",
    "modules": [
        {
            "path": [
                "root"
            ],
            "outputs": {},
            "resources": {
                "docker_image.mysql_image": {
                    "type": "docker_image",
                    "depends_on": [],
                    "primary": {
                        "id": "sha256:b84d68d0a7db79194091fae58b71afb6a56ae25cb297e91f68db2a8e404a4ecbmysql:5.7",
                        "attributes": {
                            "id": "sha256:b84d68d0a7db79194091fae58b71afb6a56ae25cb297e91f68db2a8e404a4ecbmysql:5.7",
                            "latest": "sha256:b84d68d0a7db79194091fae58b71afb6a56ae25cb297e91f68db2a8e404a4ecb",
                            "name": "mysql:5.7"
                        },
                        "meta": {},
                        "tainted": false
                    },
                    "deposed": [],
                    "provider": "provider.docker"
                },
                "docker_volume.mysql_data_volume": {
                    "type": "docker_volume",
                    "depends_on": [],
                    "primary": {
                        "id": "mysql_data",
                        "attributes": {
                            "driver": "local",
                            "driver_opts.%": "0",
                            "id": "mysql_data",
                            "labels.#": "0",
                            "mountpoint": "/var/lib/docker/volumes/mysql_data/_data",
                            "name": "mysql_data"
                        },
                        "meta": {
                            "schema_version": "1"
                        },
                        "tainted": false
                    },
                    "deposed": [],
                    "provider": "provider.docker"
                }
            },
            "depends_on": []
        }
    ]
}
